
Microsoft Visual Studio Solution File, Format Version 12.00
# Visual Studio Version 16
VisualStudioVersion = 16.0.29020.237
MinimumVisualStudioVersion = 10.0.40219.1
Project("{FAE04EC0-301F-11D3-BF4B-00C04F79EFBC}") = "task_1_9", "task_1_9.csproj", "{0D53F6ED-F087-467C-88F9-0C347B9664FE}"
EndProject
Global
	GlobalSection(SolutionConfigurationPlatforms) = preSolution
		Debug|Any CPU = Debug|Any CPU
		Release|Any CPU = Release|Any CPU
	EndGlobalSection
	GlobalSection(ProjectConfigurationPlatforms) = postSolution
		{0D53F6ED-F087-467C-88F9-0C347B9664FE}.Debug|Any CPU.ActiveCfg = Debug|Any CPU
		{0D53F6ED-F087-467C-88F9-0C347B9664FE}.Debug|Any CPU.Build.0 = Debug|Any CPU
		{0D53F6ED-F087-467C-88F9-0C347B9664FE}.Release|Any CPU.ActiveCfg = Release|Any CPU
		{0D53F6ED-F087-467C-88F9-0C347B9664FE}.Release|Any CPU.Build.0 = Release|Any CPU
	EndGlobalSection
	GlobalSection(SolutionProperties) = preSolution
		HideSolutionNode = FALSE
	EndGlobalSection
	GlobalSection(ExtensibilityGlobals) = postSolution
		SolutionGuid = {6756774D-8548-44B5-99AD-9DB96569AD13}
	EndGlobalSection
EndGlobal
