
Microsoft Visual Studio Solution File, Format Version 12.00
# Visual Studio Version 16
VisualStudioVersion = 16.0.29020.237
MinimumVisualStudioVersion = 10.0.40219.1
Project("{FAE04EC0-301F-11D3-BF4B-00C04F79EFBC}") = "task_4_2", "task_4_2.csproj", "{3847EED2-8C74-48B5-9087-7A8980DD77CD}"
EndProject
Global
	GlobalSection(SolutionConfigurationPlatforms) = preSolution
		Debug|Any CPU = Debug|Any CPU
		Release|Any CPU = Release|Any CPU
	EndGlobalSection
	GlobalSection(ProjectConfigurationPlatforms) = postSolution
		{3847EED2-8C74-48B5-9087-7A8980DD77CD}.Debug|Any CPU.ActiveCfg = Debug|Any CPU
		{3847EED2-8C74-48B5-9087-7A8980DD77CD}.Debug|Any CPU.Build.0 = Debug|Any CPU
		{3847EED2-8C74-48B5-9087-7A8980DD77CD}.Release|Any CPU.ActiveCfg = Release|Any CPU
		{3847EED2-8C74-48B5-9087-7A8980DD77CD}.Release|Any CPU.Build.0 = Release|Any CPU
	EndGlobalSection
	GlobalSection(SolutionProperties) = preSolution
		HideSolutionNode = FALSE
	EndGlobalSection
	GlobalSection(ExtensibilityGlobals) = postSolution
		SolutionGuid = {306CF121-8A05-47C8-94C2-318463097862}
	EndGlobalSection
EndGlobal
