
Microsoft Visual Studio Solution File, Format Version 12.00
# Visual Studio Version 16
VisualStudioVersion = 16.0.29020.237
MinimumVisualStudioVersion = 10.0.40219.1
Project("{FAE04EC0-301F-11D3-BF4B-00C04F79EFBC}") = "task_2_1", "task_2_1.csproj", "{BE259CA1-6EE5-4720-9A04-9E3E3E183EBF}"
EndProject
Global
	GlobalSection(SolutionConfigurationPlatforms) = preSolution
		Debug|Any CPU = Debug|Any CPU
		Release|Any CPU = Release|Any CPU
	EndGlobalSection
	GlobalSection(ProjectConfigurationPlatforms) = postSolution
		{BE259CA1-6EE5-4720-9A04-9E3E3E183EBF}.Debug|Any CPU.ActiveCfg = Debug|Any CPU
		{BE259CA1-6EE5-4720-9A04-9E3E3E183EBF}.Debug|Any CPU.Build.0 = Debug|Any CPU
		{BE259CA1-6EE5-4720-9A04-9E3E3E183EBF}.Release|Any CPU.ActiveCfg = Release|Any CPU
		{BE259CA1-6EE5-4720-9A04-9E3E3E183EBF}.Release|Any CPU.Build.0 = Release|Any CPU
	EndGlobalSection
	GlobalSection(SolutionProperties) = preSolution
		HideSolutionNode = FALSE
	EndGlobalSection
	GlobalSection(ExtensibilityGlobals) = postSolution
		SolutionGuid = {ABC9B59A-5DCF-4E68-9F13-5FF01E950084}
	EndGlobalSection
EndGlobal
