
Microsoft Visual Studio Solution File, Format Version 12.00
# Visual Studio Version 16
VisualStudioVersion = 16.0.29020.237
MinimumVisualStudioVersion = 10.0.40219.1
Project("{FAE04EC0-301F-11D3-BF4B-00C04F79EFBC}") = "task_1_11", "task_1_11.csproj", "{C6B20D76-3622-4736-B973-A604766D046E}"
EndProject
Global
	GlobalSection(SolutionConfigurationPlatforms) = preSolution
		Debug|Any CPU = Debug|Any CPU
		Release|Any CPU = Release|Any CPU
	EndGlobalSection
	GlobalSection(ProjectConfigurationPlatforms) = postSolution
		{C6B20D76-3622-4736-B973-A604766D046E}.Debug|Any CPU.ActiveCfg = Debug|Any CPU
		{C6B20D76-3622-4736-B973-A604766D046E}.Debug|Any CPU.Build.0 = Debug|Any CPU
		{C6B20D76-3622-4736-B973-A604766D046E}.Release|Any CPU.ActiveCfg = Release|Any CPU
		{C6B20D76-3622-4736-B973-A604766D046E}.Release|Any CPU.Build.0 = Release|Any CPU
	EndGlobalSection
	GlobalSection(SolutionProperties) = preSolution
		HideSolutionNode = FALSE
	EndGlobalSection
	GlobalSection(ExtensibilityGlobals) = postSolution
		SolutionGuid = {2E296511-3241-4F17-9EA3-234E2DB8F1A2}
	EndGlobalSection
EndGlobal
