
Microsoft Visual Studio Solution File, Format Version 12.00
# Visual Studio Version 16
VisualStudioVersion = 16.0.29020.237
MinimumVisualStudioVersion = 10.0.40219.1
Project("{FAE04EC0-301F-11D3-BF4B-00C04F79EFBC}") = "task_4_4", "task_4_4.csproj", "{DE16024A-6599-4D8C-B7D8-902B414D2BDF}"
EndProject
Global
	GlobalSection(SolutionConfigurationPlatforms) = preSolution
		Debug|Any CPU = Debug|Any CPU
		Release|Any CPU = Release|Any CPU
	EndGlobalSection
	GlobalSection(ProjectConfigurationPlatforms) = postSolution
		{DE16024A-6599-4D8C-B7D8-902B414D2BDF}.Debug|Any CPU.ActiveCfg = Debug|Any CPU
		{DE16024A-6599-4D8C-B7D8-902B414D2BDF}.Debug|Any CPU.Build.0 = Debug|Any CPU
		{DE16024A-6599-4D8C-B7D8-902B414D2BDF}.Release|Any CPU.ActiveCfg = Release|Any CPU
		{DE16024A-6599-4D8C-B7D8-902B414D2BDF}.Release|Any CPU.Build.0 = Release|Any CPU
	EndGlobalSection
	GlobalSection(SolutionProperties) = preSolution
		HideSolutionNode = FALSE
	EndGlobalSection
	GlobalSection(ExtensibilityGlobals) = postSolution
		SolutionGuid = {F267DBAD-F0D0-4CED-AE0F-349CF8AA8805}
	EndGlobalSection
EndGlobal
