
Microsoft Visual Studio Solution File, Format Version 12.00
# Visual Studio Version 16
VisualStudioVersion = 16.0.29020.237
MinimumVisualStudioVersion = 10.0.40219.1
Project("{FAE04EC0-301F-11D3-BF4B-00C04F79EFBC}") = "task_1_5", "task_1_5.csproj", "{CC76B965-4CEC-464F-A410-1DCD14C9752E}"
EndProject
Global
	GlobalSection(SolutionConfigurationPlatforms) = preSolution
		Debug|Any CPU = Debug|Any CPU
		Release|Any CPU = Release|Any CPU
	EndGlobalSection
	GlobalSection(ProjectConfigurationPlatforms) = postSolution
		{CC76B965-4CEC-464F-A410-1DCD14C9752E}.Debug|Any CPU.ActiveCfg = Debug|Any CPU
		{CC76B965-4CEC-464F-A410-1DCD14C9752E}.Debug|Any CPU.Build.0 = Debug|Any CPU
		{CC76B965-4CEC-464F-A410-1DCD14C9752E}.Release|Any CPU.ActiveCfg = Release|Any CPU
		{CC76B965-4CEC-464F-A410-1DCD14C9752E}.Release|Any CPU.Build.0 = Release|Any CPU
	EndGlobalSection
	GlobalSection(SolutionProperties) = preSolution
		HideSolutionNode = FALSE
	EndGlobalSection
	GlobalSection(ExtensibilityGlobals) = postSolution
		SolutionGuid = {6F428CEB-D167-4DCB-A266-B714E70DD721}
	EndGlobalSection
EndGlobal
