
Microsoft Visual Studio Solution File, Format Version 12.00
# Visual Studio Version 16
VisualStudioVersion = 16.0.29020.237
MinimumVisualStudioVersion = 10.0.40219.1
Project("{FAE04EC0-301F-11D3-BF4B-00C04F79EFBC}") = "task_0_3", "task_0_3.csproj", "{5F1D3AD4-3FF0-4AAF-985B-5002DE9CFF00}"
EndProject
Global
	GlobalSection(SolutionConfigurationPlatforms) = preSolution
		Debug|Any CPU = Debug|Any CPU
		Release|Any CPU = Release|Any CPU
	EndGlobalSection
	GlobalSection(ProjectConfigurationPlatforms) = postSolution
		{5F1D3AD4-3FF0-4AAF-985B-5002DE9CFF00}.Debug|Any CPU.ActiveCfg = Debug|Any CPU
		{5F1D3AD4-3FF0-4AAF-985B-5002DE9CFF00}.Debug|Any CPU.Build.0 = Debug|Any CPU
		{5F1D3AD4-3FF0-4AAF-985B-5002DE9CFF00}.Release|Any CPU.ActiveCfg = Release|Any CPU
		{5F1D3AD4-3FF0-4AAF-985B-5002DE9CFF00}.Release|Any CPU.Build.0 = Release|Any CPU
	EndGlobalSection
	GlobalSection(SolutionProperties) = preSolution
		HideSolutionNode = FALSE
	EndGlobalSection
	GlobalSection(ExtensibilityGlobals) = postSolution
		SolutionGuid = {D5A375B3-201E-4FA3-9DFA-C334A01D2F50}
	EndGlobalSection
EndGlobal
